// !$*UTF8*$!
{
	archiveVersion = 1;
	classes = {
	};
	objectVersion = 46;
	objects = {

/* Begin PBXBuildFile section */
		16EAEFE2185A0959111DEF44 /* Pods_ualocal32.framework in Frameworks */ = {isa = PBXBuildFile; fileRef = 5F5A2BFEB105045B307CCB22 /* Pods_ualocal32.framework */; };
		186AD71B1935D3A6579ED4C9 /* Pods_ualocal32Tests.framework in Frameworks */ = {isa = PBXBuildFile; fileRef = 213982CF91E7C90BE84A2FB3 /* Pods_ualocal32Tests.framework */; };
		2F2D67DA07DA6B147D8870CF /* Pods_ualocal32UITests.framework in Frameworks */ = {isa = PBXBuildFile; fileRef = E59DF18998BD4166B1A6873C /* Pods_ualocal32UITests.framework */; };
		CB4195311EE8DB73008F8317 /* SignUpViewController.swift in Sources */ = {isa = PBXBuildFile; fileRef = CB4195301EE8DB73008F8317 /* SignUpViewController.swift */; };
		CBC24F321EE8D6AA00B58C36 /* AppDelegate.swift in Sources */ = {isa = PBXBuildFile; fileRef = CBC24F311EE8D6AA00B58C36 /* AppDelegate.swift */; };
		CBC24F341EE8D6AA00B58C36 /* ViewController.swift in Sources */ = {isa = PBXBuildFile; fileRef = CBC24F331EE8D6AA00B58C36 /* ViewController.swift */; };
		CBC24F371EE8D6AA00B58C36 /* Main.storyboard in Resources */ = {isa = PBXBuildFile; fileRef = CBC24F351EE8D6AA00B58C36 /* Main.storyboard */; };
		CBC24F3A1EE8D6AA00B58C36 /* ualocal32.xcdatamodeld in Sources */ = {isa = PBXBuildFile; fileRef = CBC24F381EE8D6AA00B58C36 /* ualocal32.xcdatamodeld */; };
		CBC24F3C1EE8D6AA00B58C36 /* Assets.xcassets in Resources */ = {isa = PBXBuildFile; fileRef = CBC24F3B1EE8D6AA00B58C36 /* Assets.xcassets */; };
		CBC24F3F1EE8D6AA00B58C36 /* LaunchScreen.storyboard in Resources */ = {isa = PBXBuildFile; fileRef = CBC24F3D1EE8D6AA00B58C36 /* LaunchScreen.storyboard */; };
		CBC24F4A1EE8D6AA00B58C36 /* ualocal32Tests.swift in Sources */ = {isa = PBXBuildFile; fileRef = CBC24F491EE8D6AA00B58C36 /* ualocal32Tests.swift */; };
		CBC24F551EE8D6AA00B58C36 /* ualocal32UITests.swift in Sources */ = {isa = PBXBuildFile; fileRef = CBC24F541EE8D6AA00B58C36 /* ualocal32UITests.swift */; };
		CBE10D381EE9172800372B80 /* GoogleService-Info.plist in Resources */ = {isa = PBXBuildFile; fileRef = CBE10D371EE9172800372B80 /* GoogleService-Info.plist */; };
		CBE10D391EE9172800372B80 /* GoogleService-Info.plist in Resources */ = {isa = PBXBuildFile; fileRef = CBE10D371EE9172800372B80 /* GoogleService-Info.plist */; };
		CBE10D3A1EE9172800372B80 /* GoogleService-Info.plist in Resources */ = {isa = PBXBuildFile; fileRef = CBE10D371EE9172800372B80 /* GoogleService-Info.plist */; };
/* End PBXBuildFile section */

/* Begin PBXContainerItemProxy section */
		CBC24F461EE8D6AA00B58C36 /* PBXContainerItemProxy */ = {
			isa = PBXContainerItemProxy;
			containerPortal = CBC24F261EE8D6AA00B58C36 /* Project object */;
			proxyType = 1;
			remoteGlobalIDString = CBC24F2D1EE8D6AA00B58C36;
			remoteInfo = ualocal32;
		};
		CBC24F511EE8D6AA00B58C36 /* PBXContainerItemProxy */ = {
			isa = PBXContainerItemProxy;
			containerPortal = CBC24F261EE8D6AA00B58C36 /* Project object */;
			proxyType = 1;
			remoteGlobalIDString = CBC24F2D1EE8D6AA00B58C36;
			remoteInfo = ualocal32;
		};
/* End PBXContainerItemProxy section */

/* Begin PBXFileReference section */
		09EC82F49987E09B319E5F9A /* Pods-ualocal32.release.xcconfig */ = {isa = PBXFileReference; includeInIndex = 1; lastKnownFileType = text.xcconfig; name = "Pods-ualocal32.release.xcconfig"; path = "Pods/Target Support Files/Pods-ualocal32/Pods-ualocal32.release.xcconfig"; sourceTree = "<group>"; };
		213982CF91E7C90BE84A2FB3 /* Pods_ualocal32Tests.framework */ = {isa = PBXFileReference; explicitFileType = wrapper.framework; includeInIndex = 0; path = Pods_ualocal32Tests.framework; sourceTree = BUILT_PRODUCTS_DIR; };
		40CCED0CC7371A9D5E6C7F4E /* Pods-ualocal32Tests.debug.xcconfig */ = {isa = PBXFileReference; includeInIndex = 1; lastKnownFileType = text.xcconfig; name = "Pods-ualocal32Tests.debug.xcconfig"; path = "Pods/Target Support Files/Pods-ualocal32Tests/Pods-ualocal32Tests.debug.xcconfig"; sourceTree = "<group>"; };
		41642DA8F5759F611A100F8E /* Pods-ualocal32Tests.release.xcconfig */ = {isa = PBXFileReference; includeInIndex = 1; lastKnownFileType = text.xcconfig; name = "Pods-ualocal32Tests.release.xcconfig"; path = "Pods/Target Support Files/Pods-ualocal32Tests/Pods-ualocal32Tests.release.xcconfig"; sourceTree = "<group>"; };
		5F5A2BFEB105045B307CCB22 /* Pods_ualocal32.framework */ = {isa = PBXFileReference; explicitFileType = wrapper.framework; includeInIndex = 0; path = Pods_ualocal32.framework; sourceTree = BUILT_PRODUCTS_DIR; };
		782E4F06A870077BD65D5576 /* Pods-ualocal32.debug.xcconfig */ = {isa = PBXFileReference; includeInIndex = 1; lastKnownFileType = text.xcconfig; name = "Pods-ualocal32.debug.xcconfig"; path = "Pods/Target Support Files/Pods-ualocal32/Pods-ualocal32.debug.xcconfig"; sourceTree = "<group>"; };
		7A9D568BF9908FF739F7CAF0 /* Pods-ualocal32UITests.release.xcconfig */ = {isa = PBXFileReference; includeInIndex = 1; lastKnownFileType = text.xcconfig; name = "Pods-ualocal32UITests.release.xcconfig"; path = "Pods/Target Support Files/Pods-ualocal32UITests/Pods-ualocal32UITests.release.xcconfig"; sourceTree = "<group>"; };
		CB4195301EE8DB73008F8317 /* SignUpViewController.swift */ = {isa = PBXFileReference; fileEncoding = 4; lastKnownFileType = sourcecode.swift; path = SignUpViewController.swift; sourceTree = "<group>"; };
		CBC24F2E1EE8D6AA00B58C36 /* ualocal32.app */ = {isa = PBXFileReference; explicitFileType = wrapper.application; includeInIndex = 0; path = ualocal32.app; sourceTree = BUILT_PRODUCTS_DIR; };
		CBC24F311EE8D6AA00B58C36 /* AppDelegate.swift */ = {isa = PBXFileReference; lastKnownFileType = sourcecode.swift; path = AppDelegate.swift; sourceTree = "<group>"; };
		CBC24F331EE8D6AA00B58C36 /* ViewController.swift */ = {isa = PBXFileReference; lastKnownFileType = sourcecode.swift; path = ViewController.swift; sourceTree = "<group>"; };
		CBC24F361EE8D6AA00B58C36 /* Base */ = {isa = PBXFileReference; lastKnownFileType = file.storyboard; name = Base; path = Base.lproj/Main.storyboard; sourceTree = "<group>"; };
		CBC24F391EE8D6AA00B58C36 /* ualocal32.xcdatamodel */ = {isa = PBXFileReference; lastKnownFileType = wrapper.xcdatamodel; path = ualocal32.xcdatamodel; sourceTree = "<group>"; };
		CBC24F3B1EE8D6AA00B58C36 /* Assets.xcassets */ = {isa = PBXFileReference; lastKnownFileType = folder.assetcatalog; path = Assets.xcassets; sourceTree = "<group>"; };
		CBC24F3E1EE8D6AA00B58C36 /* Base */ = {isa = PBXFileReference; lastKnownFileType = file.storyboard; name = Base; path = Base.lproj/LaunchScreen.storyboard; sourceTree = "<group>"; };
		CBC24F401EE8D6AA00B58C36 /* Info.plist */ = {isa = PBXFileReference; lastKnownFileType = text.plist.xml; path = Info.plist; sourceTree = "<group>"; };
		CBC24F451EE8D6AA00B58C36 /* ualocal32Tests.xctest */ = {isa = PBXFileReference; explicitFileType = wrapper.cfbundle; includeInIndex = 0; path = ualocal32Tests.xctest; sourceTree = BUILT_PRODUCTS_DIR; };
		CBC24F491EE8D6AA00B58C36 /* ualocal32Tests.swift */ = {isa = PBXFileReference; lastKnownFileType = sourcecode.swift; path = ualocal32Tests.swift; sourceTree = "<group>"; };
		CBC24F4B1EE8D6AA00B58C36 /* Info.plist */ = {isa = PBXFileReference; lastKnownFileType = text.plist.xml; path = Info.plist; sourceTree = "<group>"; };
		CBC24F501EE8D6AA00B58C36 /* ualocal32UITests.xctest */ = {isa = PBXFileReference; explicitFileType = wrapper.cfbundle; includeInIndex = 0; path = ualocal32UITests.xctest; sourceTree = BUILT_PRODUCTS_DIR; };
		CBC24F541EE8D6AA00B58C36 /* ualocal32UITests.swift */ = {isa = PBXFileReference; lastKnownFileType = sourcecode.swift; path = ualocal32UITests.swift; sourceTree = "<group>"; };
		CBC24F561EE8D6AA00B58C36 /* Info.plist */ = {isa = PBXFileReference; lastKnownFileType = text.plist.xml; path = Info.plist; sourceTree = "<group>"; };
		CBE10D371EE9172800372B80 /* GoogleService-Info.plist */ = {isa = PBXFileReference; fileEncoding = 4; lastKnownFileType = text.plist.xml; name = "GoogleService-Info.plist"; path = "../../../Downloads/GoogleService-Info.plist"; sourceTree = "<group>"; };
		E59DF18998BD4166B1A6873C /* Pods_ualocal32UITests.framework */ = {isa = PBXFileReference; explicitFileType = wrapper.framework; includeInIndex = 0; path = Pods_ualocal32UITests.framework; sourceTree = BUILT_PRODUCTS_DIR; };
		F8052B875EE4A93E3C95C1FD /* Pods-ualocal32UITests.debug.xcconfig */ = {isa = PBXFileReference; includeInIndex = 1; lastKnownFileType = text.xcconfig; name = "Pods-ualocal32UITests.debug.xcconfig"; path = "Pods/Target Support Files/Pods-ualocal32UITests/Pods-ualocal32UITests.debug.xcconfig"; sourceTree = "<group>"; };
/* End PBXFileReference section */

/* Begin PBXFrameworksBuildPhase section */
		CBC24F2B1EE8D6AA00B58C36 /* Frameworks */ = {
			isa = PBXFrameworksBuildPhase;
			buildActionMask = 2147483647;
			files = (
				16EAEFE2185A0959111DEF44 /* Pods_ualocal32.framework in Frameworks */,
			);
			runOnlyForDeploymentPostprocessing = 0;
		};
		CBC24F421EE8D6AA00B58C36 /* Frameworks */ = {
			isa = PBXFrameworksBuildPhase;
			buildActionMask = 2147483647;
			files = (
				186AD71B1935D3A6579ED4C9 /* Pods_ualocal32Tests.framework in Frameworks */,
			);
			runOnlyForDeploymentPostprocessing = 0;
		};
		CBC24F4D1EE8D6AA00B58C36 /* Frameworks */ = {
			isa = PBXFrameworksBuildPhase;
			buildActionMask = 2147483647;
			files = (
				2F2D67DA07DA6B147D8870CF /* Pods_ualocal32UITests.framework in Frameworks */,
			);
			runOnlyForDeploymentPostprocessing = 0;
		};
/* End PBXFrameworksBuildPhase section */

/* Begin PBXGroup section */
		3FED03607D33F5EC8D3CEE7E /* Pods */ = {
			isa = PBXGroup;
			children = (
				782E4F06A870077BD65D5576 /* Pods-ualocal32.debug.xcconfig */,
				09EC82F49987E09B319E5F9A /* Pods-ualocal32.release.xcconfig */,
				40CCED0CC7371A9D5E6C7F4E /* Pods-ualocal32Tests.debug.xcconfig */,
				41642DA8F5759F611A100F8E /* Pods-ualocal32Tests.release.xcconfig */,
				F8052B875EE4A93E3C95C1FD /* Pods-ualocal32UITests.debug.xcconfig */,
				7A9D568BF9908FF739F7CAF0 /* Pods-ualocal32UITests.release.xcconfig */,
			);
			name = Pods;
			sourceTree = "<group>";
		};
		5B17B09E077ED68DBD7AED93 /* Frameworks */ = {
			isa = PBXGroup;
			children = (
				5F5A2BFEB105045B307CCB22 /* Pods_ualocal32.framework */,
				213982CF91E7C90BE84A2FB3 /* Pods_ualocal32Tests.framework */,
				E59DF18998BD4166B1A6873C /* Pods_ualocal32UITests.framework */,
			);
			name = Frameworks;
			sourceTree = "<group>";
		};
		CBC24F251EE8D6AA00B58C36 = {
			isa = PBXGroup;
			children = (
				CBC24F301EE8D6AA00B58C36 /* ualocal32 */,
				CBC24F481EE8D6AA00B58C36 /* ualocal32Tests */,
				CBC24F531EE8D6AA00B58C36 /* ualocal32UITests */,
				CBC24F2F1EE8D6AA00B58C36 /* Products */,
				3FED03607D33F5EC8D3CEE7E /* Pods */,
				5B17B09E077ED68DBD7AED93 /* Frameworks */,
			);
			sourceTree = "<group>";
		};
		CBC24F2F1EE8D6AA00B58C36 /* Products */ = {
			isa = PBXGroup;
			children = (
				CBC24F2E1EE8D6AA00B58C36 /* ualocal32.app */,
				CBC24F451EE8D6AA00B58C36 /* ualocal32Tests.xctest */,
				CBC24F501EE8D6AA00B58C36 /* ualocal32UITests.xctest */,
			);
			name = Products;
			sourceTree = "<group>";
		};
		CBC24F301EE8D6AA00B58C36 /* ualocal32 */ = {
			isa = PBXGroup;
			children = (
				CBE10D371EE9172800372B80 /* GoogleService-Info.plist */,
				CBC24F311EE8D6AA00B58C36 /* AppDelegate.swift */,
				CBC24F331EE8D6AA00B58C36 /* ViewController.swift */,
				CBC24F351EE8D6AA00B58C36 /* Main.storyboard */,
				CB4195301EE8DB73008F8317 /* SignUpViewController.swift */,
				CBC24F3B1EE8D6AA00B58C36 /* Assets.xcassets */,
				CBC24F3D1EE8D6AA00B58C36 /* LaunchScreen.storyboard */,
				CBC24F401EE8D6AA00B58C36 /* Info.plist */,
				CBC24F381EE8D6AA00B58C36 /* ualocal32.xcdatamodeld */,
			);
			path = ualocal32;
			sourceTree = "<group>";
		};
		CBC24F481EE8D6AA00B58C36 /* ualocal32Tests */ = {
			isa = PBXGroup;
			children = (
				CBC24F491EE8D6AA00B58C36 /* ualocal32Tests.swift */,
				CBC24F4B1EE8D6AA00B58C36 /* Info.plist */,
			);
			path = ualocal32Tests;
			sourceTree = "<group>";
		};
		CBC24F531EE8D6AA00B58C36 /* ualocal32UITests */ = {
			isa = PBXGroup;
			children = (
				CBC24F541EE8D6AA00B58C36 /* ualocal32UITests.swift */,
				CBC24F561EE8D6AA00B58C36 /* Info.plist */,
			);
			path = ualocal32UITests;
			sourceTree = "<group>";
		};
/* End PBXGroup section */

/* Begin PBXNativeTarget section */
		CBC24F2D1EE8D6AA00B58C36 /* ualocal32 */ = {
			isa = PBXNativeTarget;
			buildConfigurationList = CBC24F591EE8D6AA00B58C36 /* Build configuration list for PBXNativeTarget "ualocal32" */;
			buildPhases = (
				C70C94EBF77F7531B8BE18F3 /* [CP] Check Pods Manifest.lock */,
				CBC24F2A1EE8D6AA00B58C36 /* Sources */,
				CBC24F2B1EE8D6AA00B58C36 /* Frameworks */,
				CBC24F2C1EE8D6AA00B58C36 /* Resources */,
				68BF296ABA25BA783BF4AC47 /* [CP] Embed Pods Frameworks */,
				3D9C1F4F76FA44962595114E /* [CP] Copy Pods Resources */,
			);
			buildRules = (
			);
			dependencies = (
			);
			name = ualocal32;
			productName = ualocal32;
			productReference = CBC24F2E1EE8D6AA00B58C36 /* ualocal32.app */;
			productType = "com.apple.product-type.application";
		};
		CBC24F441EE8D6AA00B58C36 /* ualocal32Tests */ = {
			isa = PBXNativeTarget;
			buildConfigurationList = CBC24F5C1EE8D6AA00B58C36 /* Build configuration list for PBXNativeTarget "ualocal32Tests" */;
			buildPhases = (
				C49CA474D2FA987A16C6C050 /* [CP] Check Pods Manifest.lock */,
				CBC24F411EE8D6AA00B58C36 /* Sources */,
				CBC24F421EE8D6AA00B58C36 /* Frameworks */,
				CBC24F431EE8D6AA00B58C36 /* Resources */,
				92886764D493B3060178B57D /* [CP] Embed Pods Frameworks */,
				6B39C43C4AAEB9EC496F433E /* [CP] Copy Pods Resources */,
			);
			buildRules = (
			);
			dependencies = (
				CBC24F471EE8D6AA00B58C36 /* PBXTargetDependency */,
			);
			name = ualocal32Tests;
			productName = ualocal32Tests;
			productReference = CBC24F451EE8D6AA00B58C36 /* ualocal32Tests.xctest */;
			productType = "com.apple.product-type.bundle.unit-test";
		};
		CBC24F4F1EE8D6AA00B58C36 /* ualocal32UITests */ = {
			isa = PBXNativeTarget;
			buildConfigurationList = CBC24F5F1EE8D6AA00B58C36 /* Build configuration list for PBXNativeTarget "ualocal32UITests" */;
			buildPhases = (
				8ECAA957B395D347C364FC6E /* [CP] Check Pods Manifest.lock */,
				CBC24F4C1EE8D6AA00B58C36 /* Sources */,
				CBC24F4D1EE8D6AA00B58C36 /* Frameworks */,
				CBC24F4E1EE8D6AA00B58C36 /* Resources */,
				2A6913DB964963CF0BE3C43F /* [CP] Embed Pods Frameworks */,
				A7CD54858C9774650553B928 /* [CP] Copy Pods Resources */,
			);
			buildRules = (
			);
			dependencies = (
				CBC24F521EE8D6AA00B58C36 /* PBXTargetDependency */,
			);
			name = ualocal32UITests;
			productName = ualocal32UITests;
			productReference = CBC24F501EE8D6AA00B58C36 /* ualocal32UITests.xctest */;
			productType = "com.apple.product-type.bundle.ui-testing";
		};
/* End PBXNativeTarget section */

/* Begin PBXProject section */
		CBC24F261EE8D6AA00B58C36 /* Project object */ = {
			isa = PBXProject;
			attributes = {
				LastSwiftUpdateCheck = 0830;
				LastUpgradeCheck = 0830;
				ORGANIZATIONNAME = "Allison Mcentire";
				TargetAttributes = {
					CBC24F2D1EE8D6AA00B58C36 = {
						CreatedOnToolsVersion = 8.3.3;
						DevelopmentTeam = V243T33UAS;
						ProvisioningStyle = Automatic;
					};
					CBC24F441EE8D6AA00B58C36 = {
						CreatedOnToolsVersion = 8.3.3;
						DevelopmentTeam = V243T33UAS;
						ProvisioningStyle = Automatic;
						TestTargetID = CBC24F2D1EE8D6AA00B58C36;
					};
					CBC24F4F1EE8D6AA00B58C36 = {
						CreatedOnToolsVersion = 8.3.3;
						DevelopmentTeam = V243T33UAS;
						ProvisioningStyle = Automatic;
						TestTargetID = CBC24F2D1EE8D6AA00B58C36;
					};
				};
			};
			buildConfigurationList = CBC24F291EE8D6AA00B58C36 /* Build configuration list for PBXProject "ualocal32" */;
			compatibilityVersion = "Xcode 3.2";
			developmentRegion = English;
			hasScannedForEncodings = 0;
			knownRegions = (
				en,
				Base,
			);
			mainGroup = CBC24F251EE8D6AA00B58C36;
			productRefGroup = CBC24F2F1EE8D6AA00B58C36 /* Products */;
			projectDirPath = "";
			projectRoot = "";
			targets = (
				CBC24F2D1EE8D6AA00B58C36 /* ualocal32 */,
				CBC24F441EE8D6AA00B58C36 /* ualocal32Tests */,
				CBC24F4F1EE8D6AA00B58C36 /* ualocal32UITests */,
			);
		};
/* End PBXProject section */

/* Begin PBXResourcesBuildPhase section */
		CBC24F2C1EE8D6AA00B58C36 /* Resources */ = {
			isa = PBXResourcesBuildPhase;
			buildActionMask = 2147483647;
			files = (
				CBC24F3F1EE8D6AA00B58C36 /* LaunchScreen.storyboard in Resources */,
				CBE10D381EE9172800372B80 /* GoogleService-Info.plist in Resources */,
				CBC24F3C1EE8D6AA00B58C36 /* Assets.xcassets in Resources */,
				CBC24F371EE8D6AA00B58C36 /* Main.storyboard in Resources */,
			);
			runOnlyForDeploymentPostprocessing = 0;
		};
		CBC24F431EE8D6AA00B58C36 /* Resources */ = {
			isa = PBXResourcesBuildPhase;
			buildActionMask = 2147483647;
			files = (
				CBE10D391EE9172800372B80 /* GoogleService-Info.plist in Resources */,
			);
			runOnlyForDeploymentPostprocessing = 0;
		};
		CBC24F4E1EE8D6AA00B58C36 /* Resources */ = {
			isa = PBXResourcesBuildPhase;
			buildActionMask = 2147483647;
			files = (
				CBE10D3A1EE9172800372B80 /* GoogleService-Info.plist in Resources */,
			);
			runOnlyForDeploymentPostprocessing = 0;
		};
/* End PBXResourcesBuildPhase section */

/* Begin PBXShellScriptBuildPhase section */
		2A6913DB964963CF0BE3C43F /* [CP] Embed Pods Frameworks */ = {
			isa = PBXShellScriptBuildPhase;
			buildActionMask = 2147483647;
			files = (
			);
			inputPaths = (
			);
			name = "[CP] Embed Pods Frameworks";
			outputPaths = (
			);
			runOnlyForDeploymentPostprocessing = 0;
			shellPath = /bin/sh;
			shellScript = "\"${SRCROOT}/Pods/Target Support Files/Pods-ualocal32UITests/Pods-ualocal32UITests-frameworks.sh\"\n";
			showEnvVarsInLog = 0;
		};
		3D9C1F4F76FA44962595114E /* [CP] Copy Pods Resources */ = {
			isa = PBXShellScriptBuildPhase;
			buildActionMask = 2147483647;
			files = (
			);
			inputPaths = (
			);
			name = "[CP] Copy Pods Resources";
			outputPaths = (
			);
			runOnlyForDeploymentPostprocessing = 0;
			shellPath = /bin/sh;
			shellScript = "\"${SRCROOT}/Pods/Target Support Files/Pods-ualocal32/Pods-ualocal32-resources.sh\"\n";
			showEnvVarsInLog = 0;
		};
		68BF296ABA25BA783BF4AC47 /* [CP] Embed Pods Frameworks */ = {
			isa = PBXShellScriptBuildPhase;
			buildActionMask = 2147483647;
			files = (
			);
			inputPaths = (
			);
			name = "[CP] Embed Pods Frameworks";
			outputPaths = (
			);
			runOnlyForDeploymentPostprocessing = 0;
			shellPath = /bin/sh;
			shellScript = "\"${SRCROOT}/Pods/Target Support Files/Pods-ualocal32/Pods-ualocal32-frameworks.sh\"\n";
			showEnvVarsInLog = 0;
		};
		6B39C43C4AAEB9EC496F433E /* [CP] Copy Pods Resources */ = {
			isa = PBXShellScriptBuildPhase;
			buildActionMask = 2147483647;
			files = (
			);
			inputPaths = (
			);
			name = "[CP] Copy Pods Resources";
			outputPaths = (
			);
			runOnlyForDeploymentPostprocessing = 0;
			shellPath = /bin/sh;
			shellScript = "\"${SRCROOT}/Pods/Target Support Files/Pods-ualocal32Tests/Pods-ualocal32Tests-resources.sh\"\n";
			showEnvVarsInLog = 0;
		};
		8ECAA957B395D347C364FC6E /* [CP] Check Pods Manifest.lock */ = {
			isa = PBXShellScriptBuildPhase;
			buildActionMask = 2147483647;
			files = (
			);
			inputPaths = (
			);
			name = "[CP] Check Pods Manifest.lock";
			outputPaths = (
			);
			runOnlyForDeploymentPostprocessing = 0;
			shellPath = /bin/sh;
			shellScript = "diff \"${PODS_PODFILE_DIR_PATH}/Podfile.lock\" \"${PODS_ROOT}/Manifest.lock\" > /dev/null\nif [ $? != 0 ] ; then\n    # print error to STDERR\n    echo \"error: The sandbox is not in sync with the Podfile.lock. Run 'pod install' or update your CocoaPods installation.\" >&2\n    exit 1\nfi\n";
			showEnvVarsInLog = 0;
		};
		92886764D493B3060178B57D /* [CP] Embed Pods Frameworks */ = {
			isa = PBXShellScriptBuildPhase;
			buildActionMask = 2147483647;
			files = (
			);
			inputPaths = (
			);
			name = "[CP] Embed Pods Frameworks";
			outputPaths = (
			);
			runOnlyForDeploymentPostprocessing = 0;
			shellPath = /bin/sh;
			shellScript = "\"${SRCROOT}/Pods/Target Support Files/Pods-ualocal32Tests/Pods-ualocal32Tests-frameworks.sh\"\n";
			showEnvVarsInLog = 0;
		};
		A7CD54858C9774650553B928 /* [CP] Copy Pods Resources */ = {
			isa = PBXShellScriptBuildPhase;
			buildActionMask = 2147483647;
			files = (
			);
			inputPaths = (
			);
			name = "[CP] Copy Pods Resources";
			outputPaths = (
			);
			runOnlyForDeploymentPostprocessing = 0;
			shellPath = /bin/sh;
			shellScript = "\"${SRCROOT}/Pods/Target Support Files/Pods-ualocal32UITests/Pods-ualocal32UITests-resources.sh\"\n";
			showEnvVarsInLog = 0;
		};
		C49CA474D2FA987A16C6C050 /* [CP] Check Pods Manifest.lock */ = {
			isa = PBXShellScriptBuildPhase;
			buildActionMask = 2147483647;
			files = (
			);
			inputPaths = (
			);
			name = "[CP] Check Pods Manifest.lock";
			outputPaths = (
			);
			runOnlyForDeploymentPostprocessing = 0;
			shellPath = /bin/sh;
			shellScript = "diff \"${PODS_PODFILE_DIR_PATH}/Podfile.lock\" \"${PODS_ROOT}/Manifest.lock\" > /dev/null\nif [ $? != 0 ] ; then\n    # print error to STDERR\n    echo \"error: The sandbox is not in sync with the Podfile.lock. Run 'pod install' or update your CocoaPods installation.\" >&2\n    exit 1\nfi\n";
			showEnvVarsInLog = 0;
		};
		C70C94EBF77F7531B8BE18F3 /* [CP] Check Pods Manifest.lock */ = {
			isa = PBXShellScriptBuildPhase;
			buildActionMask = 2147483647;
			files = (
			);
			inputPaths = (
			);
			name = "[CP] Check Pods Manifest.lock";
			outputPaths = (
			);
			runOnlyForDeploymentPostprocessing = 0;
			shellPath = /bin/sh;
			shellScript = "diff \"${PODS_PODFILE_DIR_PATH}/Podfile.lock\" \"${PODS_ROOT}/Manifest.lock\" > /dev/null\nif [ $? != 0 ] ; then\n    # print error to STDERR\n    echo \"error: The sandbox is not in sync with the Podfile.lock. Run 'pod install' or update your CocoaPods installation.\" >&2\n    exit 1\nfi\n";
			showEnvVarsInLog = 0;
		};
/* End PBXShellScriptBuildPhase section */

/* Begin PBXSourcesBuildPhase section */
		CBC24F2A1EE8D6AA00B58C36 /* Sources */ = {
			isa = PBXSourcesBuildPhase;
			buildActionMask = 2147483647;
			files = (
				CBC24F341EE8D6AA00B58C36 /* ViewController.swift in Sources */,
				CBC24F321EE8D6AA00B58C36 /* AppDelegate.swift in Sources */,
				CB4195311EE8DB73008F8317 /* SignUpViewController.swift in Sources */,
				CBC24F3A1EE8D6AA00B58C36 /* ualocal32.xcdatamodeld in Sources */,
			);
			runOnlyForDeploymentPostprocessing = 0;
		};
		CBC24F411EE8D6AA00B58C36 /* Sources */ = {
			isa = PBXSourcesBuildPhase;
			buildActionMask = 2147483647;
			files = (
				CBC24F4A1EE8D6AA00B58C36 /* ualocal32Tests.swift in Sources */,
			);
			runOnlyForDeploymentPostprocessing = 0;
		};
		CBC24F4C1EE8D6AA00B58C36 /* Sources */ = {
			isa = PBXSourcesBuildPhase;
			buildActionMask = 2147483647;
			files = (
				CBC24F551EE8D6AA00B58C36 /* ualocal32UITests.swift in Sources */,
			);
			runOnlyForDeploymentPostprocessing = 0;
		};
/* End PBXSourcesBuildPhase section */

/* Begin PBXTargetDependency section */
		CBC24F471EE8D6AA00B58C36 /* PBXTargetDependency */ = {
			isa = PBXTargetDependency;
			target = CBC24F2D1EE8D6AA00B58C36 /* ualocal32 */;
			targetProxy = CBC24F461EE8D6AA00B58C36 /* PBXContainerItemProxy */;
		};
		CBC24F521EE8D6AA00B58C36 /* PBXTargetDependency */ = {
			isa = PBXTargetDependency;
			target = CBC24F2D1EE8D6AA00B58C36 /* ualocal32 */;
			targetProxy = CBC24F511EE8D6AA00B58C36 /* PBXContainerItemProxy */;
		};
/* End PBXTargetDependency section */

/* Begin PBXVariantGroup section */
		CBC24F351EE8D6AA00B58C36 /* Main.storyboard */ = {
			isa = PBXVariantGroup;
			children = (
				CBC24F361EE8D6AA00B58C36 /* Base */,
			);
			name = Main.storyboard;
			sourceTree = "<group>";
		};
		CBC24F3D1EE8D6AA00B58C36 /* LaunchScreen.storyboard */ = {
			isa = PBXVariantGroup;
			children = (
				CBC24F3E1EE8D6AA00B58C36 /* Base */,
			);
			name = LaunchScreen.storyboard;
			sourceTree = "<group>";
		};
/* End PBXVariantGroup section */

/* Begin XCBuildConfiguration section */
		CBC24F571EE8D6AA00B58C36 /* Debug */ = {
			isa = XCBuildConfiguration;
			buildSettings = {
				ALWAYS_SEARCH_USER_PATHS = NO;
				CLANG_ANALYZER_NONNULL = YES;
				CLANG_ANALYZER_NUMBER_OBJECT_CONVERSION = YES_AGGRESSIVE;
				CLANG_CXX_LANGUAGE_STANDARD = "gnu++0x";
				CLANG_CXX_LIBRARY = "libc++";
				CLANG_ENABLE_MODULES = YES;
				CLANG_ENABLE_OBJC_ARC = YES;
				CLANG_WARN_BOOL_CONVERSION = YES;
				CLANG_WARN_CONSTANT_CONVERSION = YES;
				CLANG_WARN_DIRECT_OBJC_ISA_USAGE = YES_ERROR;
				CLANG_WARN_DOCUMENTATION_COMMENTS = YES;
				CLANG_WARN_EMPTY_BODY = YES;
				CLANG_WARN_ENUM_CONVERSION = YES;
				CLANG_WARN_INFINITE_RECURSION = YES;
				CLANG_WARN_INT_CONVERSION = YES;
				CLANG_WARN_OBJC_ROOT_CLASS = YES_ERROR;
				CLANG_WARN_SUSPICIOUS_MOVE = YES;
				CLANG_WARN_UNREACHABLE_CODE = YES;
				CLANG_WARN__DUPLICATE_METHOD_MATCH = YES;
				"CODE_SIGN_IDENTITY[sdk=iphoneos*]" = "iPhone Developer";
				COPY_PHASE_STRIP = NO;
				DEBUG_INFORMATION_FORMAT = dwarf;
				ENABLE_STRICT_OBJC_MSGSEND = YES;
				ENABLE_TESTABILITY = YES;
				GCC_C_LANGUAGE_STANDARD = gnu99;
				GCC_DYNAMIC_NO_PIC = NO;
				GCC_NO_COMMON_BLOCKS = YES;
				GCC_OPTIMIZATION_LEVEL = 0;
				GCC_PREPROCESSOR_DEFINITIONS = (
					"DEBUG=1",
					"$(inherited)",
				);
				GCC_WARN_64_TO_32_BIT_CONVERSION = YES;
				GCC_WARN_ABOUT_RETURN_TYPE = YES_ERROR;
				GCC_WARN_UNDECLARED_SELECTOR = YES;
				GCC_WARN_UNINITIALIZED_AUTOS = YES_AGGRESSIVE;
				GCC_WARN_UNUSED_FUNCTION = YES;
				GCC_WARN_UNUSED_VARIABLE = YES;
				IPHONEOS_DEPLOYMENT_TARGET = 10.3;
				MTL_ENABLE_DEBUG_INFO = YES;
				ONLY_ACTIVE_ARCH = YES;
				SDKROOT = iphoneos;
				SWIFT_ACTIVE_COMPILATION_CONDITIONS = DEBUG;
				SWIFT_OPTIMIZATION_LEVEL = "-Onone";
				TARGETED_DEVICE_FAMILY = "1,2";
			};
			name = Debug;
		};
		CBC24F581EE8D6AA00B58C36 /* Release */ = {
			isa = XCBuildConfiguration;
			buildSettings = {
				ALWAYS_SEARCH_USER_PATHS = NO;
				CLANG_ANALYZER_NONNULL = YES;
				CLANG_ANALYZER_NUMBER_OBJECT_CONVERSION = YES_AGGRESSIVE;
				CLANG_CXX_LANGUAGE_STANDARD = "gnu++0x";
				CLANG_CXX_LIBRARY = "libc++";
				CLANG_ENABLE_MODULES = YES;
				CLANG_ENABLE_OBJC_ARC = YES;
				CLANG_WARN_BOOL_CONVERSION = YES;
				CLANG_WARN_CONSTANT_CONVERSION = YES;
				CLANG_WARN_DIRECT_OBJC_ISA_USAGE = YES_ERROR;
				CLANG_WARN_DOCUMENTATION_COMMENTS = YES;
				CLANG_WARN_EMPTY_BODY = YES;
				CLANG_WARN_ENUM_CONVERSION = YES;
				CLANG_WARN_INFINITE_RECURSION = YES;
				CLANG_WARN_INT_CONVERSION = YES;
				CLANG_WARN_OBJC_ROOT_CLASS = YES_ERROR;
				CLANG_WARN_SUSPICIOUS_MOVE = YES;
				CLANG_WARN_UNREACHABLE_CODE = YES;
				CLANG_WARN__DUPLICATE_METHOD_MATCH = YES;
				"CODE_SIGN_IDENTITY[sdk=iphoneos*]" = "iPhone Developer";
				COPY_PHASE_STRIP = NO;
				DEBUG_INFORMATION_FORMAT = "dwarf-with-dsym";
				ENABLE_NS_ASSERTIONS = NO;
				ENABLE_STRICT_OBJC_MSGSEND = YES;
				GCC_C_LANGUAGE_STANDARD = gnu99;
				GCC_NO_COMMON_BLOCKS = YES;
				GCC_WARN_64_TO_32_BIT_CONVERSION = YES;
				GCC_WARN_ABOUT_RETURN_TYPE = YES_ERROR;
				GCC_WARN_UNDECLARED_SELECTOR = YES;
				GCC_WARN_UNINITIALIZED_AUTOS = YES_AGGRESSIVE;
				GCC_WARN_UNUSED_FUNCTION = YES;
				GCC_WARN_UNUSED_VARIABLE = YES;
				IPHONEOS_DEPLOYMENT_TARGET = 10.3;
				MTL_ENABLE_DEBUG_INFO = NO;
				SDKROOT = iphoneos;
				SWIFT_OPTIMIZATION_LEVEL = "-Owholemodule";
				TARGETED_DEVICE_FAMILY = "1,2";
				VALIDATE_PRODUCT = YES;
			};
			name = Release;
		};
		CBC24F5A1EE8D6AA00B58C36 /* Debug */ = {
			isa = XCBuildConfiguration;
			baseConfigurationReference = 782E4F06A870077BD65D5576 /* Pods-ualocal32.debug.xcconfig */;
			buildSettings = {
				ASSETCATALOG_COMPILER_APPICON_NAME = AppIcon;
				DEVELOPMENT_TEAM = V243T33UAS;
				INFOPLIST_FILE = ualocal32/Info.plist;
				LD_RUNPATH_SEARCH_PATHS = "$(inherited) @executable_path/Frameworks";
				PRODUCT_BUNDLE_IDENTIFIER = millionacrenest.ualocal32;
				PRODUCT_NAME = "$(TARGET_NAME)";
				SWIFT_VERSION = 3.0;
			};
			name = Debug;
		};
		CBC24F5B1EE8D6AA00B58C36 /* Release */ = {
			isa = XCBuildConfiguration;
			baseConfigurationReference = 09EC82F49987E09B319E5F9A /* Pods-ualocal32.release.xcconfig */;
			buildSettings = {
				ASSETCATALOG_COMPILER_APPICON_NAME = AppIcon;
				DEVELOPMENT_TEAM = V243T33UAS;
				INFOPLIST_FILE = ualocal32/Info.plist;
				LD_RUNPATH_SEARCH_PATHS = "$(inherited) @executable_path/Frameworks";
				PRODUCT_BUNDLE_IDENTIFIER = millionacrenest.ualocal32;
				PRODUCT_NAME = "$(TARGET_NAME)";
				SWIFT_VERSION = 3.0;
			};
			name = Release;
		};
		CBC24F5D1EE8D6AA00B58C36 /* Debug */ = {
			isa = XCBuildConfiguration;
			baseConfigurationReference = 40CCED0CC7371A9D5E6C7F4E /* Pods-ualocal32Tests.debug.xcconfig */;
			buildSettings = {
				ALWAYS_EMBED_SWIFT_STANDARD_LIBRARIES = YES;
				BUNDLE_LOADER = "$(TEST_HOST)";
				DEVELOPMENT_TEAM = V243T33UAS;
				INFOPLIST_FILE = ualocal32Tests/Info.plist;
				LD_RUNPATH_SEARCH_PATHS = "$(inherited) @executable_path/Frameworks @loader_path/Frameworks";
				PRODUCT_BUNDLE_IDENTIFIER = millionacrenest.ualocal32Tests;
				PRODUCT_NAME = "$(TARGET_NAME)";
				SWIFT_VERSION = 3.0;
				TEST_HOST = "$(BUILT_PRODUCTS_DIR)/ualocal32.app/ualocal32";
			};
			name = Debug;
		};
		CBC24F5E1EE8D6AA00B58C36 /* Release */ = {
			isa = XCBuildConfiguration;
			baseConfigurationReference = 41642DA8F5759F611A100F8E /* Pods-ualocal32Tests.release.xcconfig */;
			buildSettings = {
				ALWAYS_EMBED_SWIFT_STANDARD_LIBRARIES = YES;
				BUNDLE_LOADER = "$(TEST_HOST)";
				DEVELOPMENT_TEAM = V243T33UAS;
				INFOPLIST_FILE = ualocal32Tests/Info.plist;
				LD_RUNPATH_SEARCH_PATHS = "$(inherited) @executable_path/Frameworks @loader_path/Frameworks";
				PRODUCT_BUNDLE_IDENTIFIER = millionacrenest.ualocal32Tests;
				PRODUCT_NAME = "$(TARGET_NAME)";
				SWIFT_VERSION = 3.0;
				TEST_HOST = "$(BUILT_PRODUCTS_DIR)/ualocal32.app/ualocal32";
			};
			name = Release;
		};
		CBC24F601EE8D6AA00B58C36 /* Debug */ = {
			isa = XCBuildConfiguration;
			baseConfigurationReference = F8052B875EE4A93E3C95C1FD /* Pods-ualocal32UITests.debug.xcconfig */;
			buildSettings = {
				ALWAYS_EMBED_SWIFT_STANDARD_LIBRARIES = YES;
				DEVELOPMENT_TEAM = V243T33UAS;
				INFOPLIST_FILE = ualocal32UITests/Info.plist;
				LD_RUNPATH_SEARCH_PATHS = "$(inherited) @executable_path/Frameworks @loader_path/Frameworks";
				PRODUCT_BUNDLE_IDENTIFIER = millionacrenest.ualocal32UITests;
				PRODUCT_NAME = "$(TARGET_NAME)";
				SWIFT_VERSION = 3.0;
				TEST_TARGET_NAME = ualocal32;
			};
			name = Debug;
		};
		CBC24F611EE8D6AA00B58C36 /* Release */ = {
			isa = XCBuildConfiguration;
			baseConfigurationReference = 7A9D568BF9908FF739F7CAF0 /* Pods-ualocal32UITests.release.xcconfig */;
			buildSettings = {
				ALWAYS_EMBED_SWIFT_STANDARD_LIBRARIES = YES;
				DEVELOPMENT_TEAM = V243T33UAS;
				INFOPLIST_FILE = ualocal32UITests/Info.plist;
				LD_RUNPATH_SEARCH_PATHS = "$(inherited) @executable_path/Frameworks @loader_path/Frameworks";
				PRODUCT_BUNDLE_IDENTIFIER = millionacrenest.ualocal32UITests;
				PRODUCT_NAME = "$(TARGET_NAME)";
				SWIFT_VERSION = 3.0;
				TEST_TARGET_NAME = ualocal32;
			};
			name = Release;
		};
/* End XCBuildConfiguration section */

/* Begin XCConfigurationList section */
		CBC24F291EE8D6AA00B58C36 /* Build configuration list for PBXProject "ualocal32" */ = {
			isa = XCConfigurationList;
			buildConfigurations = (
				CBC24F571EE8D6AA00B58C36 /* Debug */,
				CBC24F581EE8D6AA00B58C36 /* Release */,
			);
			defaultConfigurationIsVisible = 0;
			defaultConfigurationName = Release;
		};
		CBC24F591EE8D6AA00B58C36 /* Build configuration list for PBXNativeTarget "ualocal32" */ = {
			isa = XCConfigurationList;
			buildConfigurations = (
				CBC24F5A1EE8D6AA00B58C36 /* Debug */,
				CBC24F5B1EE8D6AA00B58C36 /* Release */,
			);
			defaultConfigurationIsVisible = 0;
			defaultConfigurationName = Release;
		};
		CBC24F5C1EE8D6AA00B58C36 /* Build configuration list for PBXNativeTarget "ualocal32Tests" */ = {
			isa = XCConfigurationList;
			buildConfigurations = (
				CBC24F5D1EE8D6AA00B58C36 /* Debug */,
				CBC24F5E1EE8D6AA00B58C36 /* Release */,
			);
			defaultConfigurationIsVisible = 0;
			defaultConfigurationName = Release;
		};
		CBC24F5F1EE8D6AA00B58C36 /* Build configuration list for PBXNativeTarget "ualocal32UITests" */ = {
			isa = XCConfigurationList;
			buildConfigurations = (
				CBC24F601EE8D6AA00B58C36 /* Debug */,
				CBC24F611EE8D6AA00B58C36 /* Release */,
			);
			defaultConfigurationIsVisible = 0;
			defaultConfigurationName = Release;
		};
/* End XCConfigurationList section */

/* Begin XCVersionGroup section */
		CBC24F381EE8D6AA00B58C36 /* ualocal32.xcdatamodeld */ = {
			isa = XCVersionGroup;
			children = (
				CBC24F391EE8D6AA00B58C36 /* ualocal32.xcdatamodel */,
			);
			currentVersion = CBC24F391EE8D6AA00B58C36 /* ualocal32.xcdatamodel */;
			path = ualocal32.xcdatamodeld;
			sourceTree = "<group>";
			versionGroupType = wrapper.xcdatamodel;
		};
/* End XCVersionGroup section */
	};
	rootObject = CBC24F261EE8D6AA00B58C36 /* Project object */;
}
